
Microsoft Visual Studio Solution File, Format Version 12.00
# Visual Studio 14
VisualStudioVersion = 14.0.24720.0
MinimumVisualStudioVersion = 10.0.40219.1
Project("{FAE04EC0-301F-11D3-BF4B-00C04F79EFBC}") = "SquawCreekWebSite", "SquawCreekWebSite\SquawCreekWebSite.csproj", "{30970CB5-CC13-4EF3-A7FE-4A0CE0C9B037}"
EndProject
Project("{FAE04EC0-301F-11D3-BF4B-00C04F79EFBC}") = "SquawCreekWebSiteTest", "SquawCreekTest\SquawCreekWebSiteTest.csproj", "{0B5B2993-C7EB-4C3A-A359-030F07F1DD63}"
EndProject
Global
	GlobalSection(SolutionConfigurationPlatforms) = preSolution
		Debug|Any CPU = Debug|Any CPU
		Release|Any CPU = Release|Any CPU
	EndGlobalSection
	GlobalSection(ProjectConfigurationPlatforms) = postSolution
		{30970CB5-CC13-4EF3-A7FE-4A0CE0C9B037}.Debug|Any CPU.ActiveCfg = Debug|Any CPU
		{30970CB5-CC13-4EF3-A7FE-4A0CE0C9B037}.Debug|Any CPU.Build.0 = Debug|Any CPU
		{30970CB5-CC13-4EF3-A7FE-4A0CE0C9B037}.Release|Any CPU.ActiveCfg = Release|Any CPU
		{30970CB5-CC13-4EF3-A7FE-4A0CE0C9B037}.Release|Any CPU.Build.0 = Release|Any CPU
		{0B5B2993-C7EB-4C3A-A359-030F07F1DD63}.Debug|Any CPU.ActiveCfg = Debug|Any CPU
		{0B5B2993-C7EB-4C3A-A359-030F07F1DD63}.Debug|Any CPU.Build.0 = Debug|Any CPU
		{0B5B2993-C7EB-4C3A-A359-030F07F1DD63}.Release|Any CPU.ActiveCfg = Release|Any CPU
		{0B5B2993-C7EB-4C3A-A359-030F07F1DD63}.Release|Any CPU.Build.0 = Release|Any CPU
	EndGlobalSection
	GlobalSection(SolutionProperties) = preSolution
		HideSolutionNode = FALSE
	EndGlobalSection
EndGlobal
